{
    "name": "mlops-ui",
    "version": "0.0.1",
    "lockfileVersion": 2,
    "requires": true,
    "packages": {
        "": {
            "name": "mlops-ui",
            "version": "0.0.1",
            "license": "MIT",
            "dependencies": {
                "react": "^18.2.0",
                "react-dom": "^18.2.0"
            },
            "devDependencies": {
                "esbuild": "^0.15.13"
            }
        },
        "node_modules/@esbuild/android-arm": {
            "version": "0.15.13",
            "resolved": "https://registry.npmjs.org/@esbuild/android-arm/-/android-arm-0.15.13.tgz",
            "integrity": "sha512-RY2fVI8O0iFUNvZirXaQ1vMvK0xhCcl0gqRj74Z6yEiO1zAUa7hbsdwZM1kzqbxHK7LFyMizipfXT3JME+12Hw==",
            "cpu": [
                "arm"
            ],
            "dev": true,
            "optional": true,
            "os": [
                "android"
            ],
            "engines": {
                "node": ">=12"
            }
        },
        "node_modules/@esbuild/linux-loong64": {
            "version": "0.15.13",
            "resolved": "https://registry.npmjs.org/@esbuild/linux-loong64/-/linux-loong64-0.15.13.tgz",
            "integrity": "sha512-+BoyIm4I8uJmH/QDIH0fu7MG0AEx9OXEDXnqptXCwKOlOqZiS4iraH1Nr7/ObLMokW3sOCeBNyD68ATcV9b9Ag==",
            "cpu": [
                "loong64"
            ],
            "dev": true,
            "optional": true,
            "os": [
                "linux"
            ],
            "engines": {
                "node": ">=12"
            }
        },
        "node_modules/esbuild": {
            "version": "0.15.13",
            "resolved": "https://registry.npmjs.org/esbuild/-/esbuild-0.15.13.tgz",
            "integrity": "sha512-Cu3SC84oyzzhrK/YyN4iEVy2jZu5t2fz66HEOShHURcjSkOSAVL8C/gfUT+lDJxkVHpg8GZ10DD0rMHRPqMFaQ==",
            "dev": true,
            "hasInstallScript": true,
            "bin": {
                "esbuild": "bin/esbuild"
            },
            "engines": {
                "node": ">=12"
            },
            "optionalDependencies": {
                "@esbuild/android-arm": "0.15.13",
                "@esbuild/linux-loong64": "0.15.13",
                "esbuild-android-64": "0.15.13",
                "esbuild-android-arm64": "0.15.13",
                "esbuild-darwin-64": "0.15.13",
                "esbuild-darwin-arm64": "0.15.13",
                "esbuild-freebsd-64": "0.15.13",
                "esbuild-freebsd-arm64": "0.15.13",
                "esbuild-linux-32": "0.15.13",
                "esbuild-linux-64": "0.15.13",
                "esbuild-linux-arm": "0.15.13",
                "esbuild-linux-arm64": "0.15.13",
                "esbuild-linux-mips64le": "0.15.13",
                "esbuild-linux-ppc64le": "0.15.13",
                "esbuild-linux-riscv64": "0.15.13",
                "esbuild-linux-s390x": "0.15.13",
                "esbuild-netbsd-64": "0.15.13",
                "esbuild-openbsd-64": "0.15.13",
                "esbuild-sunos-64": "0.15.13",
                "esbuild-windows-32": "0.15.13",
                "esbuild-windows-64": "0.15.13",
                "esbuild-windows-arm64": "0.15.13"
            }
        },
        "node_modules/esbuild-android-64": {
            "version": "0.15.13",
            "resolved": "https://registry.npmjs.org/esbuild-android-64/-/esbuild-android-64-0.15.13.tgz",
            "integrity": "sha512-yRorukXBlokwTip+Sy4MYskLhJsO0Kn0/Fj43s1krVblfwP+hMD37a4Wmg139GEsMLl+vh8WXp2mq/cTA9J97g==",
            "cpu": [
                "x64"
            ],
            "dev": true,
            "optional": true,
            "os": [
                "android"
            ],
            "engines": {
                "node": ">=12"
            }
        },
        "node_modules/esbuild-android-arm64": {
            "version": "0.15.13",
            "resolved": "https://registry.npmjs.org/esbuild-android-arm64/-/esbuild-android-arm64-0.15.13.tgz",
            "integrity": "sha512-TKzyymLD6PiVeyYa4c5wdPw87BeAiTXNtK6amWUcXZxkV51gOk5u5qzmDaYSwiWeecSNHamFsaFjLoi32QR5/w==",
            "cpu": [
                "arm64"
            ],
            "dev": true,
            "optional": true,
            "os": [
                "android"
            ],
            "engines": {
                "node": ">=12"
            }
        },
        "node_modules/esbuild-darwin-64": {
            "version": "0.15.13",
            "resolved": "https://registry.npmjs.org/esbuild-darwin-64/-/esbuild-darwin-64-0.15.13.tgz",
            "integrity": "sha512-WAx7c2DaOS6CrRcoYCgXgkXDliLnFv3pQLV6GeW1YcGEZq2Gnl8s9Pg7ahValZkpOa0iE/ojRVQ87sbUhF1Cbg==",
            "cpu": [
                "x64"
            ],
            "dev": true,
            "optional": true,
            "os": [
                "darwin"
            ],
            "engines": {
                "node": ">=12"
            }
        },
        "node_modules/esbuild-darwin-arm64": {
            "version": "0.15.13",
            "resolved": "https://registry.npmjs.org/esbuild-darwin-arm64/-/esbuild-darwin-arm64-0.15.13.tgz",
            "integrity": "sha512-U6jFsPfSSxC3V1CLiQqwvDuj3GGrtQNB3P3nNC3+q99EKf94UGpsG9l4CQ83zBs1NHrk1rtCSYT0+KfK5LsD8A==",
            "cpu": [
                "arm64"
            ],
            "dev": true,
            "optional": true,
            "os": [
                "darwin"
            ],
            "engines": {
                "node": ">=12"
            }
        },
        "node_modules/esbuild-freebsd-64": {
            "version": "0.15.13",
            "resolved": "https://registry.npmjs.org/esbuild-freebsd-64/-/esbuild-freebsd-64-0.15.13.tgz",
            "integrity": "sha512-whItJgDiOXaDG/idy75qqevIpZjnReZkMGCgQaBWZuKHoElDJC1rh7MpoUgupMcdfOd+PgdEwNQW9DAE6i8wyA==",
            "cpu": [
                "x64"
            ],
            "dev": true,
            "optional": true,
            "os": [
                "freebsd"
            ],
            "engines": {
                "node": ">=12"
            }
        },
        "node_modules/esbuild-freebsd-arm64": {
            "version": "0.15.13",
            "resolved": "https://registry.npmjs.org/esbuild-freebsd-arm64/-/esbuild-freebsd-arm64-0.15.13.tgz",
            "integrity": "sha512-6pCSWt8mLUbPtygv7cufV0sZLeylaMwS5Fznj6Rsx9G2AJJsAjQ9ifA+0rQEIg7DwJmi9it+WjzNTEAzzdoM3Q==",
            "cpu": [
                "arm64"
            ],
            "dev": true,
            "optional": true,
            "os": [
                "freebsd"
            ],
            "engines": {
                "node": ">=12"
            }
        },
        "node_modules/esbuild-linux-32": {
            "version": "0.15.13",
            "resolved": "https://registry.npmjs.org/esbuild-linux-32/-/esbuild-linux-32-0.15.13.tgz",
            "integrity": "sha512-VbZdWOEdrJiYApm2kkxoTOgsoCO1krBZ3quHdYk3g3ivWaMwNIVPIfEE0f0XQQ0u5pJtBsnk2/7OPiCFIPOe/w==",
            "cpu": [
                "ia32"
            ],
            "dev": true,
            "optional": true,
            "os": [
                "linux"
            ],
            "engines": {
                "node": ">=12"
            }
        },
        "node_modules/esbuild-linux-64": {
            "version": "0.15.13",
            "resolved": "https://registry.npmjs.org/esbuild-linux-64/-/esbuild-linux-64-0.15.13.tgz",
            "integrity": "sha512-rXmnArVNio6yANSqDQlIO4WiP+Cv7+9EuAHNnag7rByAqFVuRusLbGi2697A5dFPNXoO//IiogVwi3AdcfPC6A==",
            "cpu": [
                "x64"
            ],
            "dev": true,
            "optional": true,
            "os": [
                "linux"
            ],
            "engines": {
                "node": ">=12"
            }
        },
        "node_modules/esbuild-linux-arm": {
            "version": "0.15.13",
            "resolved": "https://registry.npmjs.org/esbuild-linux-arm/-/esbuild-linux-arm-0.15.13.tgz",
            "integrity": "sha512-Ac6LpfmJO8WhCMQmO253xX2IU2B3wPDbl4IvR0hnqcPrdfCaUa2j/lLMGTjmQ4W5JsJIdHEdW12dG8lFS0MbxQ==",
            "cpu": [
                "arm"
            ],
            "dev": true,
            "optional": true,
            "os": [
                "linux"
            ],
            "engines": {
                "node": ">=12"
            }
        },
        "node_modules/esbuild-linux-arm64": {
            "version": "0.15.13",
            "resolved": "https://registry.npmjs.org/esbuild-linux-arm64/-/esbuild-linux-arm64-0.15.13.tgz",
            "integrity": "sha512-alEMGU4Z+d17U7KQQw2IV8tQycO6T+rOrgW8OS22Ua25x6kHxoG6Ngry6Aq6uranC+pNWNMB6aHFPh7aTQdORQ==",
            "cpu": [
                "arm64"
            ],
            "dev": true,
            "optional": true,
            "os": [
                "linux"
            ],
            "engines": {
                "node": ">=12"
            }
        },
        "node_modules/esbuild-linux-mips64le": {
            "version": "0.15.13",
            "resolved": "https://registry.npmjs.org/esbuild-linux-mips64le/-/esbuild-linux-mips64le-0.15.13.tgz",
            "integrity": "sha512-47PgmyYEu+yN5rD/MbwS6DxP2FSGPo4Uxg5LwIdxTiyGC2XKwHhHyW7YYEDlSuXLQXEdTO7mYe8zQ74czP7W8A==",
            "cpu": [
                "mips64el"
            ],
            "dev": true,
            "optional": true,
            "os": [
                "linux"
            ],
            "engines": {
                "node": ">=12"
            }
        },
        "node_modules/esbuild-linux-ppc64le": {
            "version": "0.15.13",
            "resolved": "https://registry.npmjs.org/esbuild-linux-ppc64le/-/esbuild-linux-ppc64le-0.15.13.tgz",
            "integrity": "sha512-z6n28h2+PC1Ayle9DjKoBRcx/4cxHoOa2e689e2aDJSaKug3jXcQw7mM+GLg+9ydYoNzj8QxNL8ihOv/OnezhA==",
            "cpu": [
                "ppc64"
            ],
            "dev": true,
            "optional": true,
            "os": [
                "linux"
            ],
            "engines": {
                "node": ">=12"
            }
        },
        "node_modules/esbuild-linux-riscv64": {
            "version": "0.15.13",
            "resolved": "https://registry.npmjs.org/esbuild-linux-riscv64/-/esbuild-linux-riscv64-0.15.13.tgz",
            "integrity": "sha512-+Lu4zuuXuQhgLUGyZloWCqTslcCAjMZH1k3Xc9MSEJEpEFdpsSU0sRDXAnk18FKOfEjhu4YMGaykx9xjtpA6ow==",
            "cpu": [
                "riscv64"
            ],
            "dev": true,
            "optional": true,
            "os": [
                "linux"
            ],
            "engines": {
                "node": ">=12"
            }
        },
        "node_modules/esbuild-linux-s390x": {
            "version": "0.15.13",
            "resolved": "https://registry.npmjs.org/esbuild-linux-s390x/-/esbuild-linux-s390x-0.15.13.tgz",
            "integrity": "sha512-BMeXRljruf7J0TMxD5CIXS65y7puiZkAh+s4XFV9qy16SxOuMhxhVIXYLnbdfLrsYGFzx7U9mcdpFWkkvy/Uag==",
            "cpu": [
                "s390x"
            ],
            "dev": true,
            "optional": true,
            "os": [
                "linux"
            ],
            "engines": {
                "node": ">=12"
            }
        },
        "node_modules/esbuild-netbsd-64": {
            "version": "0.15.13",
            "resolved": "https://registry.npmjs.org/esbuild-netbsd-64/-/esbuild-netbsd-64-0.15.13.tgz",
            "integrity": "sha512-EHj9QZOTel581JPj7UO3xYbltFTYnHy+SIqJVq6yd3KkCrsHRbapiPb0Lx3EOOtybBEE9EyqbmfW1NlSDsSzvQ==",
            "cpu": [
                "x64"
            ],
            "dev": true,
            "optional": true,
            "os": [
                "netbsd"
            ],
            "engines": {
                "node": ">=12"
            }
        },
        "node_modules/esbuild-openbsd-64": {
            "version": "0.15.13",
            "resolved": "https://registry.npmjs.org/esbuild-openbsd-64/-/esbuild-openbsd-64-0.15.13.tgz",
            "integrity": "sha512-nkuDlIjF/sfUhfx8SKq0+U+Fgx5K9JcPq1mUodnxI0x4kBdCv46rOGWbuJ6eof2n3wdoCLccOoJAbg9ba/bT2w==",
            "cpu": [
                "x64"
            ],
            "dev": true,
            "optional": true,
            "os": [
                "openbsd"
            ],
            "engines": {
                "node": ">=12"
            }
        },
        "node_modules/esbuild-sunos-64": {
            "version": "0.15.13",
            "resolved": "https://registry.npmjs.org/esbuild-sunos-64/-/esbuild-sunos-64-0.15.13.tgz",
            "integrity": "sha512-jVeu2GfxZQ++6lRdY43CS0Tm/r4WuQQ0Pdsrxbw+aOrHQPHV0+LNOLnvbN28M7BSUGnJnHkHm2HozGgNGyeIRw==",
            "cpu": [
                "x64"
            ],
            "dev": true,
            "optional": true,
            "os": [
                "sunos"
            ],
            "engines": {
                "node": ">=12"
            }
        },
        "node_modules/esbuild-windows-32": {
            "version": "0.15.13",
            "resolved": "https://registry.npmjs.org/esbuild-windows-32/-/esbuild-windows-32-0.15.13.tgz",
            "integrity": "sha512-XoF2iBf0wnqo16SDq+aDGi/+QbaLFpkiRarPVssMh9KYbFNCqPLlGAWwDvxEVz+ywX6Si37J2AKm+AXq1kC0JA==",
            "cpu": [
                "ia32"
            ],
            "dev": true,
            "optional": true,
            "os": [
                "win32"
            ],
            "engines": {
                "node": ">=12"
            }
        },
        "node_modules/esbuild-windows-64": {
            "version": "0.15.13",
            "resolved": "https://registry.npmjs.org/esbuild-windows-64/-/esbuild-windows-64-0.15.13.tgz",
            "integrity": "sha512-Et6htEfGycjDrtqb2ng6nT+baesZPYQIW+HUEHK4D1ncggNrDNk3yoboYQ5KtiVrw/JaDMNttz8rrPubV/fvPQ==",
            "cpu": [
                "x64"
            ],
            "dev": true,
            "optional": true,
            "os": [
                "win32"
            ],
            "engines": {
                "node": ">=12"
            }
        },
        "node_modules/esbuild-windows-arm64": {
            "version": "0.15.13",
            "resolved": "https://registry.npmjs.org/esbuild-windows-arm64/-/esbuild-windows-arm64-0.15.13.tgz",
            "integrity": "sha512-3bv7tqntThQC9SWLRouMDmZnlOukBhOCTlkzNqzGCmrkCJI7io5LLjwJBOVY6kOUlIvdxbooNZwjtBvj+7uuVg==",
            "cpu": [
                "arm64"
            ],
            "dev": true,
            "optional": true,
            "os": [
                "win32"
            ],
            "engines": {
                "node": ">=12"
            }
        },
        "node_modules/js-tokens": {
            "version": "4.0.0",
            "resolved": "https://registry.npmjs.org/js-tokens/-/js-tokens-4.0.0.tgz",
            "integrity": "sha512-RdJUflcE3cUzKiMqQgsCu06FPu9UdIJO0beYbPhHN4k6apgJtifcoCtT9bcxOpYBtpD2kCM6Sbzg4CausW/PKQ==",
            "license": "MIT"
        },
        "node_modules/loose-envify": {
            "version": "1.4.0",
            "resolved": "https://registry.npmjs.org/loose-envify/-/loose-envify-1.4.0.tgz",
            "integrity": "sha512-lyuxPGr/Wfhrlem2CL/UcnUc1zcqKAImBDzukY7Y5F/yQiNdko6+fRLevlw1HgMySw7f611UIY408EtxRSoK3Q==",
            "license": "MIT",
            "dependencies": {
                "js-tokens": "^3.0.0 || ^4.0.0"
            },
            "bin": {
                "loose-envify": "cli.js"
            }
        },
        "node_modules/react": {
            "version": "18.2.0",
            "resolved": "https://registry.npmjs.org/react/-/react-18.2.0.tgz",
            "integrity": "sha512-/3IjMdb2L9QbBdWiW5e3P2/npwMBaU9mHCSCUzNln0ZCYbcfTsGbTJrU/kGemdH2IWmB2ioZ+zkxtmq6g09fGQ==",
            "license": "MIT",
            "dependencies": {
                "loose-envify": "^1.1.0"
            },
            "engines": {
                "node": ">=0.10.0"
            }
        },
        "node_modules/react-dom": {
            "version": "18.2.0",
            "resolved": "https://registry.npmjs.org/react-dom/-/react-dom-18.2.0.tgz",
            "integrity": "sha512-6IMTriUmvsjHUjNtEDudZfuDQUoWXVxKHhlEGSk81n4YFS+r/Kl99wXiwlVXtPBtJenozv2P+hxDsw9eA7Xo6g==",
            "license": "MIT",
            "dependencies": {
                "loose-envify": "^1.1.0",
                "scheduler": "^0.23.0"
            },
            "peerDependencies": {
                "react": "^18.2.0"
            }
        },
        "node_modules/scheduler": {
            "version": "0.23.0",
            "resolved": "https://registry.npmjs.org/scheduler/-/scheduler-0.23.0.tgz",
            "integrity": "sha512-CtuThmgHNg7zIZWAXi3AsyIzA3n4xx7aNyjwC2VJldO2LMVDhFK+63xGqq6CsJH4rTAt6/M+N4GhZiDYPx9eUw==",
            "license": "MIT",
            "dependencies": {
                "loose-envify": "^1.1.0"
            }
        }
    },
    "dependencies": {
        "@esbuild/android-arm": {
            "version": "0.15.13",
            "resolved": "https://registry.npmjs.org/@esbuild/android-arm/-/android-arm-0.15.13.tgz",
            "integrity": "sha512-RY2fVI8O0iFUNvZirXaQ1vMvK0xhCcl0gqRj74Z6yEiO1zAUa7hbsdwZM1kzqbxHK7LFyMizipfXT3JME+12Hw==",
            "dev": true,
            "optional": true
        },
        "@esbuild/linux-loong64": {
            "version": "0.15.13",
            "resolved": "https://registry.npmjs.org/@esbuild/linux-loong64/-/linux-loong64-0.15.13.tgz",
            "integrity": "sha512-+BoyIm4I8uJmH/QDIH0fu7MG0AEx9OXEDXnqptXCwKOlOqZiS4iraH1Nr7/ObLMokW3sOCeBNyD68ATcV9b9Ag==",
            "dev": true,
            "optional": true
        },
        "esbuild": {
            "version": "0.15.13",
            "resolved": "https://registry.npmjs.org/esbuild/-/esbuild-0.15.13.tgz",
            "integrity": "sha512-Cu3SC84oyzzhrK/YyN4iEVy2jZu5t2fz66HEOShHURcjSkOSAVL8C/gfUT+lDJxkVHpg8GZ10DD0rMHRPqMFaQ==",
            "dev": true,
            "requires": {
                "@esbuild/android-arm": "0.15.13",
                "@esbuild/linux-loong64": "0.15.13",
                "esbuild-android-64": "0.15.13",
                "esbuild-android-arm64": "0.15.13",
                "esbuild-darwin-64": "0.15.13",
                "esbuild-darwin-arm64": "0.15.13",
                "esbuild-freebsd-64": "0.15.13",
                "esbuild-freebsd-arm64": "0.15.13",
                "esbuild-linux-32": "0.15.13",
                "esbuild-linux-64": "0.15.13",
                "esbuild-linux-arm": "0.15.13",
                "esbuild-linux-arm64": "0.15.13",
                "esbuild-linux-mips64le": "0.15.13",
                "esbuild-linux-ppc64le": "0.15.13",
                "esbuild-linux-riscv64": "0.15.13",
                "esbuild-linux-s390x": "0.15.13",
                "esbuild-netbsd-64": "0.15.13",
                "esbuild-openbsd-64": "0.15.13",
                "esbuild-sunos-64": "0.15.13",
                "esbuild-windows-32": "0.15.13",
                "esbuild-windows-64": "0.15.13",
                "esbuild-windows-arm64": "0.15.13"
            }
        },
        "esbuild-android-64": {
            "version": "0.15.13",
            "resolved": "https://registry.npmjs.org/esbuild-android-64/-/esbuild-android-64-0.15.13.tgz",
            "integrity": "sha512-yRorukXBlokwTip+Sy4MYskLhJsO0Kn0/Fj43s1krVblfwP+hMD37a4Wmg139GEsMLl+vh8WXp2mq/cTA9J97g==",
            "dev": true,
            "optional": true
        },
        "esbuild-android-arm64": {
            "version": "0.15.13",
            "resolved": "https://registry.npmjs.org/esbuild-android-arm64/-/esbuild-android-arm64-0.15.13.tgz",
            "integrity": "sha512-TKzyymLD6PiVeyYa4c5wdPw87BeAiTXNtK6amWUcXZxkV51gOk5u5qzmDaYSwiWeecSNHamFsaFjLoi32QR5/w==",
            "dev": true,
            "optional": true
        },
        "esbuild-darwin-64": {
            "version": "0.15.13",
            "resolved": "https://registry.npmjs.org/esbuild-darwin-64/-/esbuild-darwin-64-0.15.13.tgz",
            "integrity": "sha512-WAx7c2DaOS6CrRcoYCgXgkXDliLnFv3pQLV6GeW1YcGEZq2Gnl8s9Pg7ahValZkpOa0iE/ojRVQ87sbUhF1Cbg==",
            "dev": true,
            "optional": true
        },
        "esbuild-darwin-arm64": {
            "version": "0.15.13",
            "resolved": "https://registry.npmjs.org/esbuild-darwin-arm64/-/esbuild-darwin-arm64-0.15.13.tgz",
            "integrity": "sha512-U6jFsPfSSxC3V1CLiQqwvDuj3GGrtQNB3P3nNC3+q99EKf94UGpsG9l4CQ83zBs1NHrk1rtCSYT0+KfK5LsD8A==",
            "dev": true,
            "optional": true
        },
        "esbuild-freebsd-64": {
            "version": "0.15.13",
            "resolved": "https://registry.npmjs.org/esbuild-freebsd-64/-/esbuild-freebsd-64-0.15.13.tgz",
            "integrity": "sha512-whItJgDiOXaDG/idy75qqevIpZjnReZkMGCgQaBWZuKHoElDJC1rh7MpoUgupMcdfOd+PgdEwNQW9DAE6i8wyA==",
            "dev": true,
            "optional": true
        },
        "esbuild-freebsd-arm64": {
            "version": "0.15.13",
            "resolved": "https://registry.npmjs.org/esbuild-freebsd-arm64/-/esbuild-freebsd-arm64-0.15.13.tgz",
            "integrity": "sha512-6pCSWt8mLUbPtygv7cufV0sZLeylaMwS5Fznj6Rsx9G2AJJsAjQ9ifA+0rQEIg7DwJmi9it+WjzNTEAzzdoM3Q==",
            "dev": true,
            "optional": true
        },
        "esbuild-linux-32": {
            "version": "0.15.13",
            "resolved": "https://registry.npmjs.org/esbuild-linux-32/-/esbuild-linux-32-0.15.13.tgz",
            "integrity": "sha512-VbZdWOEdrJiYApm2kkxoTOgsoCO1krBZ3quHdYk3g3ivWaMwNIVPIfEE0f0XQQ0u5pJtBsnk2/7OPiCFIPOe/w==",
            "dev": true,
            "optional": true
        },
        "esbuild-linux-64": {
            "version": "0.15.13",
            "resolved": "https://registry.npmjs.org/esbuild-linux-64/-/esbuild-linux-64-0.15.13.tgz",
            "integrity": "sha512-rXmnArVNio6yANSqDQlIO4WiP+Cv7+9EuAHNnag7rByAqFVuRusLbGi2697A5dFPNXoO//IiogVwi3AdcfPC6A==",
            "dev": true,
            "optional": true
        },
        "esbuild-linux-arm": {
            "version": "0.15.13",
            "resolved": "https://registry.npmjs.org/esbuild-linux-arm/-/esbuild-linux-arm-0.15.13.tgz",
            "integrity": "sha512-Ac6LpfmJO8WhCMQmO253xX2IU2B3wPDbl4IvR0hnqcPrdfCaUa2j/lLMGTjmQ4W5JsJIdHEdW12dG8lFS0MbxQ==",
            "dev": true,
            "optional": true
        },
        "esbuild-linux-arm64": {
            "version": "0.15.13",
            "resolved": "https://registry.npmjs.org/esbuild-linux-arm64/-/esbuild-linux-arm64-0.15.13.tgz",
            "integrity": "sha512-alEMGU4Z+d17U7KQQw2IV8tQycO6T+rOrgW8OS22Ua25x6kHxoG6Ngry6Aq6uranC+pNWNMB6aHFPh7aTQdORQ==",
            "dev": true,
            "optional": true
        },
        "esbuild-linux-mips64le": {
            "version": "0.15.13",
            "resolved": "https://registry.npmjs.org/esbuild-linux-mips64le/-/esbuild-linux-mips64le-0.15.13.tgz",
            "integrity": "sha512-47PgmyYEu+yN5rD/MbwS6DxP2FSGPo4Uxg5LwIdxTiyGC2XKwHhHyW7YYEDlSuXLQXEdTO7mYe8zQ74czP7W8A==",
            "dev": true,
            "optional": true
        },
        "esbuild-linux-ppc64le": {
            "version": "0.15.13",
            "resolved": "https://registry.npmjs.org/esbuild-linux-ppc64le/-/esbuild-linux-ppc64le-0.15.13.tgz",
            "integrity": "sha512-z6n28h2+PC1Ayle9DjKoBRcx/4cxHoOa2e689e2aDJSaKug3jXcQw7mM+GLg+9ydYoNzj8QxNL8ihOv/OnezhA==",
            "dev": true,
            "optional": true
        },
        "esbuild-linux-riscv64": {
            "version": "0.15.13",
            "resolved": "https://registry.npmjs.org/esbuild-linux-riscv64/-/esbuild-linux-riscv64-0.15.13.tgz",
            "integrity": "sha512-+Lu4zuuXuQhgLUGyZloWCqTslcCAjMZH1k3Xc9MSEJEpEFdpsSU0sRDXAnk18FKOfEjhu4YMGaykx9xjtpA6ow==",
            "dev": true,
            "optional": true
        },
        "esbuild-linux-s390x": {
            "version": "0.15.13",
            "resolved": "https://registry.npmjs.org/esbuild-linux-s390x/-/esbuild-linux-s390x-0.15.13.tgz",
            "integrity": "sha512-BMeXRljruf7J0TMxD5CIXS65y7puiZkAh+s4XFV9qy16SxOuMhxhVIXYLnbdfLrsYGFzx7U9mcdpFWkkvy/Uag==",
            "dev": true,
            "optional": true
        },
        "esbuild-netbsd-64": {
            "version": "0.15.13",
            "resolved": "https://registry.npmjs.org/esbuild-netbsd-64/-/esbuild-netbsd-64-0.15.13.tgz",
            "integrity": "sha512-EHj9QZOTel581JPj7UO3xYbltFTYnHy+SIqJVq6yd3KkCrsHRbapiPb0Lx3EOOtybBEE9EyqbmfW1NlSDsSzvQ==",
            "dev": true,
            "optional": true
        },
        "esbuild-openbsd-64": {
            "version": "0.15.13",
            "resolved": "https://registry.npmjs.org/esbuild-openbsd-64/-/esbuild-openbsd-64-0.15.13.tgz",
            "integrity": "sha512-nkuDlIjF/sfUhfx8SKq0+U+Fgx5K9JcPq1mUodnxI0x4kBdCv46rOGWbuJ6eof2n3wdoCLccOoJAbg9ba/bT2w==",
            "dev": true,
            "optional": true
        },
        "esbuild-sunos-64": {
            "version": "0.15.13",
            "resolved": "https://registry.npmjs.org/esbuild-sunos-64/-/esbuild-sunos-64-0.15.13.tgz",
            "integrity": "sha512-jVeu2GfxZQ++6lRdY43CS0Tm/r4WuQQ0Pdsrxbw+aOrHQPHV0+LNOLnvbN28M7BSUGnJnHkHm2HozGgNGyeIRw==",
            "dev": true,
            "optional": true
        },
        "esbuild-windows-32": {
            "version": "0.15.13",
            "resolved": "https://registry.npmjs.org/esbuild-windows-32/-/esbuild-windows-32-0.15.13.tgz",
            "integrity": "sha512-XoF2iBf0wnqo16SDq+aDGi/+QbaLFpkiRarPVssMh9KYbFNCqPLlGAWwDvxEVz+ywX6Si37J2AKm+AXq1kC0JA==",
            "dev": true,
            "optional": true
        },
        "esbuild-windows-64": {
            "version": "0.15.13",
            "resolved": "https://registry.npmjs.org/esbuild-windows-64/-/esbuild-windows-64-0.15.13.tgz",
            "integrity": "sha512-Et6htEfGycjDrtqb2ng6nT+baesZPYQIW+HUEHK4D1ncggNrDNk3yoboYQ5KtiVrw/JaDMNttz8rrPubV/fvPQ==",
            "dev": true,
            "optional": true
        },
        "esbuild-windows-arm64": {
            "version": "0.15.13",
            "resolved": "https://registry.npmjs.org/esbuild-windows-arm64/-/esbuild-windows-arm64-0.15.13.tgz",
            "integrity": "sha512-3bv7tqntThQC9SWLRouMDmZnlOukBhOCTlkzNqzGCmrkCJI7io5LLjwJBOVY6kOUlIvdxbooNZwjtBvj+7uuVg==",
            "dev": true,
            "optional": true
        },
        "js-tokens": {
            "version": "4.0.0",
            "resolved": "https://registry.npmjs.org/js-tokens/-/js-tokens-4.0.0.tgz",
            "integrity": "sha512-RdJUflcE3cUzKiMqQgsCu06FPu9UdIJO0beYbPhHN4k6apgJtifcoCtT9bcxOpYBtpD2kCM6Sbzg4CausW/PKQ=="
        },
        "loose-envify": {
            "version": "1.4.0",
            "resolved": "https://registry.npmjs.org/loose-envify/-/loose-envify-1.4.0.tgz",
            "integrity": "sha512-lyuxPGr/Wfhrlem2CL/UcnUc1zcqKAImBDzukY7Y5F/yQiNdko6+fRLevlw1HgMySw7f611UIY408EtxRSoK3Q==",
            "requires": {
                "js-tokens": "^3.0.0 || ^4.0.0"
            }
        },
        "react": {
            "version": "18.2.0",
            "resolved": "https://registry.npmjs.org/react/-/react-18.2.0.tgz",
            "integrity": "sha512-/3IjMdb2L9QbBdWiW5e3P2/npwMBaU9mHCSCUzNln0ZCYbcfTsGbTJrU/kGemdH2IWmB2ioZ+zkxtmq6g09fGQ==",
            "requires": {
                "loose-envify": "^1.1.0"
            }
        },
        "react-dom": {
            "version": "18.2.0",
            "resolved": "https://registry.npmjs.org/react-dom/-/react-dom-18.2.0.tgz",
            "integrity": "sha512-6IMTriUmvsjHUjNtEDudZfuDQUoWXVxKHhlEGSk81n4YFS+r/Kl99wXiwlVXtPBtJenozv2P+hxDsw9eA7Xo6g==",
            "requires": {
                "loose-envify": "^1.1.0",
                "scheduler": "^0.23.0"
            }
        },
        "scheduler": {
            "version": "0.23.0",
            "resolved": "https://registry.npmjs.org/scheduler/-/scheduler-0.23.0.tgz",
            "integrity": "sha512-CtuThmgHNg7zIZWAXi3AsyIzA3n4xx7aNyjwC2VJldO2LMVDhFK+63xGqq6CsJH4rTAt6/M+N4GhZiDYPx9eUw==",
            "requires": {
                "loose-envify": "^1.1.0"
            }
        }
    }
}
